
Microsoft Visual Studio Solution File, Format Version 12.00
Project("{FAE04EC0-301F-11D3-BF4B-00C04F79EFBC}") = "backend", "backend.csproj", "{27A4D884-557C-4CDF-885B-6B33C0EA6651}"
EndProject
Project("{FAE04EC0-301F-11D3-BF4B-00C04F79EFBC}") = "backend.Tests", "backend.Tests\backend.Tests.csproj", "{CE805F60-057F-4E5D-B99D-DD3225EDB8B6}"
EndProject
Global
	GlobalSection(SolutionConfigurationPlatforms) = preSolution
		Debug|Any CPU = Debug|Any CPU
		Release|Any CPU = Release|Any CPU
	EndGlobalSection
	GlobalSection(ProjectConfigurationPlatforms) = postSolution
		{27A4D884-557C-4CDF-885B-6B33C0EA6651}.Debug|Any CPU.ActiveCfg = Debug|Any CPU
		{27A4D884-557C-4CDF-885B-6B33C0EA6651}.Debug|Any CPU.Build.0 = Debug|Any CPU
		{27A4D884-557C-4CDF-885B-6B33C0EA6651}.Release|Any CPU.ActiveCfg = Release|Any CPU
		{27A4D884-557C-4CDF-885B-6B33C0EA6651}.Release|Any CPU.Build.0 = Release|Any CPU
		{CE805F60-057F-4E5D-B99D-DD3225EDB8B6}.Debug|Any CPU.ActiveCfg = Debug|Any CPU
		{CE805F60-057F-4E5D-B99D-DD3225EDB8B6}.Debug|Any CPU.Build.0 = Debug|Any CPU
		{CE805F60-057F-4E5D-B99D-DD3225EDB8B6}.Release|Any CPU.ActiveCfg = Release|Any CPU
		{CE805F60-057F-4E5D-B99D-DD3225EDB8B6}.Release|Any CPU.Build.0 = Release|Any CPU
	EndGlobalSection
EndGlobal
